// !$*UTF8*$!
{
	archiveVersion = 1;
	classes = {
	};
	objectVersion = 56;
	objects = {

/* Begin PBXBuildFile section */
		551E74E429BA67A800F32705 /* AppDelegate.swift in Sources */ = {isa = PBXBuildFile; fileRef = 551E74E329BA67A800F32705 /* AppDelegate.swift */; };
		551E74E629BA67A800F32705 /* SceneDelegate.swift in Sources */ = {isa = PBXBuildFile; fileRef = 551E74E529BA67A800F32705 /* SceneDelegate.swift */; };
		551E74E829BA67A800F32705 /* ViewController.swift in Sources */ = {isa = PBXBuildFile; fileRef = 551E74E729BA67A800F32705 /* ViewController.swift */; };
		551E74EB29BA67A800F32705 /* Main.storyboard in Resources */ = {isa = PBXBuildFile; fileRef = 551E74E929BA67A800F32705 /* Main.storyboard */; };
		551E74ED29BA67A900F32705 /* Assets.xcassets in Resources */ = {isa = PBXBuildFile; fileRef = 551E74EC29BA67A900F32705 /* Assets.xcassets */; };
		551E74F029BA67A900F32705 /* LaunchScreen.storyboard in Resources */ = {isa = PBXBuildFile; fileRef = 551E74EE29BA67A900F32705 /* LaunchScreen.storyboard */; };
		551E74FB29BA67A900F32705 /* TestCICDTests.swift in Sources */ = {isa = PBXBuildFile; fileRef = 551E74FA29BA67A900F32705 /* TestCICDTests.swift */; };
/* End PBXBuildFile section */

/* Begin PBXContainerItemProxy section */
		551E74F729BA67A900F32705 /* PBXContainerItemProxy */ = {
			isa = PBXContainerItemProxy;
			containerPortal = 551E74D829BA67A800F32705 /* Project object */;
			proxyType = 1;
			remoteGlobalIDString = 551E74DF29BA67A800F32705;
			remoteInfo = TestCICD;
		};
/* End PBXContainerItemProxy section */

/* Begin PBXFileReference section */
		551E74E029BA67A800F32705 /* TestCICD.app */ = {isa = PBXFileReference; explicitFileType = wrapper.application; includeInIndex = 0; path = TestCICD.app; sourceTree = BUILT_PRODUCTS_DIR; };
		551E74E329BA67A800F32705 /* AppDelegate.swift */ = {isa = PBXFileReference; lastKnownFileType = sourcecode.swift; path = AppDelegate.swift; sourceTree = "<group>"; };
		551E74E529BA67A800F32705 /* SceneDelegate.swift */ = {isa = PBXFileReference; lastKnownFileType = sourcecode.swift; path = SceneDelegate.swift; sourceTree = "<group>"; };
		551E74E729BA67A800F32705 /* ViewController.swift */ = {isa = PBXFileReference; lastKnownFileType = sourcecode.swift; path = ViewController.swift; sourceTree = "<group>"; };
		551E74EA29BA67A800F32705 /* Base */ = {isa = PBXFileReference; lastKnownFileType = file.storyboard; name = Base; path = Base.lproj/Main.storyboard; sourceTree = "<group>"; };
		551E74EC29BA67A900F32705 /* Assets.xcassets */ = {isa = PBXFileReference; lastKnownFileType = folder.assetcatalog; path = Assets.xcassets; sourceTree = "<group>"; };
		551E74EF29BA67A900F32705 /* Base */ = {isa = PBXFileReference; lastKnownFileType = file.storyboard; name = Base; path = Base.lproj/LaunchScreen.storyboard; sourceTree = "<group>"; };
		551E74F129BA67A900F32705 /* Info.plist */ = {isa = PBXFileReference; lastKnownFileType = text.plist.xml; path = Info.plist; sourceTree = "<group>"; };
		551E74F629BA67A900F32705 /* TestCICDTests.xctest */ = {isa = PBXFileReference; explicitFileType = wrapper.cfbundle; includeInIndex = 0; path = TestCICDTests.xctest; sourceTree = BUILT_PRODUCTS_DIR; };
		551E74FA29BA67A900F32705 /* TestCICDTests.swift */ = {isa = PBXFileReference; lastKnownFileType = sourcecode.swift; path = TestCICDTests.swift; sourceTree = "<group>"; };
		551E750429BA67A900F32705 /* TestCICDUITests.swift */ = {isa = PBXFileReference; lastKnownFileType = sourcecode.swift; path = TestCICDUITests.swift; sourceTree = "<group>"; };
		551E750629BA67A900F32705 /* TestCICDUITestsLaunchTests.swift */ = {isa = PBXFileReference; lastKnownFileType = sourcecode.swift; path = TestCICDUITestsLaunchTests.swift; sourceTree = "<group>"; };
/* End PBXFileReference section */

/* Begin PBXFrameworksBuildPhase section */
		551E74DD29BA67A800F32705 /* Frameworks */ = {
			isa = PBXFrameworksBuildPhase;
			buildActionMask = 2147483647;
			files = (
			);
			runOnlyForDeploymentPostprocessing = 0;
		};
		551E74F329BA67A900F32705 /* Frameworks */ = {
			isa = PBXFrameworksBuildPhase;
			buildActionMask = 2147483647;
			files = (
			);
			runOnlyForDeploymentPostprocessing = 0;
		};
/* End PBXFrameworksBuildPhase section */

/* Begin PBXGroup section */
		551E74D729BA67A800F32705 = {
			isa = PBXGroup;
			children = (
				551E74E229BA67A800F32705 /* TestCICD */,
				551E74F929BA67A900F32705 /* TestCICDTests */,
				551E750329BA67A900F32705 /* TestCICDUITests */,
				551E74E129BA67A800F32705 /* Products */,
			);
			sourceTree = "<group>";
		};
		551E74E129BA67A800F32705 /* Products */ = {
			isa = PBXGroup;
			children = (
				551E74E029BA67A800F32705 /* TestCICD.app */,
				551E74F629BA67A900F32705 /* TestCICDTests.xctest */,
			);
			name = Products;
			sourceTree = "<group>";
		};
		551E74E229BA67A800F32705 /* TestCICD */ = {
			isa = PBXGroup;
			children = (
				551E74E329BA67A800F32705 /* AppDelegate.swift */,
				551E74E529BA67A800F32705 /* SceneDelegate.swift */,
				551E74E729BA67A800F32705 /* ViewController.swift */,
				551E74E929BA67A800F32705 /* Main.storyboard */,
				551E74EC29BA67A900F32705 /* Assets.xcassets */,
				551E74EE29BA67A900F32705 /* LaunchScreen.storyboard */,
				551E74F129BA67A900F32705 /* Info.plist */,
			);
			path = TestCICD;
			sourceTree = "<group>";
		};
		551E74F929BA67A900F32705 /* TestCICDTests */ = {
			isa = PBXGroup;
			children = (
				551E74FA29BA67A900F32705 /* TestCICDTests.swift */,
			);
			path = TestCICDTests;
			sourceTree = "<group>";
		};
		551E750329BA67A900F32705 /* TestCICDUITests */ = {
			isa = PBXGroup;
			children = (
				551E750429BA67A900F32705 /* TestCICDUITests.swift */,
				551E750629BA67A900F32705 /* TestCICDUITestsLaunchTests.swift */,
			);
			path = TestCICDUITests;
			sourceTree = "<group>";
		};
/* End PBXGroup section */

/* Begin PBXNativeTarget section */
		551E74DF29BA67A800F32705 /* TestCICD */ = {
			isa = PBXNativeTarget;
			buildConfigurationList = 551E750A29BA67A900F32705 /* Build configuration list for PBXNativeTarget "TestCICD" */;
			buildPhases = (
				551E74DC29BA67A800F32705 /* Sources */,
				551E74DD29BA67A800F32705 /* Frameworks */,
				551E74DE29BA67A800F32705 /* Resources */,
			);
			buildRules = (
			);
			dependencies = (
			);
			name = TestCICD;
			productName = TestCICD;
			productReference = 551E74E029BA67A800F32705 /* TestCICD.app */;
			productType = "com.apple.product-type.application";
		};
		551E74F529BA67A900F32705 /* TestCICDTests */ = {
			isa = PBXNativeTarget;
			buildConfigurationList = 551E750D29BA67A900F32705 /* Build configuration list for PBXNativeTarget "TestCICDTests" */;
			buildPhases = (
				551E74F229BA67A900F32705 /* Sources */,
				551E74F329BA67A900F32705 /* Frameworks */,
				551E74F429BA67A900F32705 /* Resources */,
			);
			buildRules = (
			);
			dependencies = (
				551E74F829BA67A900F32705 /* PBXTargetDependency */,
			);
			name = TestCICDTests;
			productName = TestCICDTests;
			productReference = 551E74F629BA67A900F32705 /* TestCICDTests.xctest */;
			productType = "com.apple.product-type.bundle.unit-test";
		};
/* End PBXNativeTarget section */

/* Begin PBXProject section */
		551E74D829BA67A800F32705 /* Project object */ = {
			isa = PBXProject;
			attributes = {
				BuildIndependentTargetsInParallel = 1;
				LastSwiftUpdateCheck = 1400;
				LastUpgradeCheck = 1400;
				TargetAttributes = {
					551E74DF29BA67A800F32705 = {
						CreatedOnToolsVersion = 14.0.1;
					};
					551E74F529BA67A900F32705 = {
						CreatedOnToolsVersion = 14.0.1;
						TestTargetID = 551E74DF29BA67A800F32705;
					};
				};
			};
			buildConfigurationList = 551E74DB29BA67A800F32705 /* Build configuration list for PBXProject "TestCICD" */;
			compatibilityVersion = "Xcode 14.0";
			developmentRegion = en;
			hasScannedForEncodings = 0;
			knownRegions = (
				en,
				Base,
			);
			mainGroup = 551E74D729BA67A800F32705;
			productRefGroup = 551E74E129BA67A800F32705 /* Products */;
			projectDirPath = "";
			projectRoot = "";
			targets = (
				551E74DF29BA67A800F32705 /* TestCICD */,
				551E74F529BA67A900F32705 /* TestCICDTests */,
			);
		};
/* End PBXProject section */

/* Begin PBXResourcesBuildPhase section */
		551E74DE29BA67A800F32705 /* Resources */ = {
			isa = PBXResourcesBuildPhase;
			buildActionMask = 2147483647;
			files = (
				551E74F029BA67A900F32705 /* LaunchScreen.storyboard in Resources */,
				551E74ED29BA67A900F32705 /* Assets.xcassets in Resources */,
				551E74EB29BA67A800F32705 /* Main.storyboard in Resources */,
			);
			runOnlyForDeploymentPostprocessing = 0;
		};
		551E74F429BA67A900F32705 /* Resources */ = {
			isa = PBXResourcesBuildPhase;
			buildActionMask = 2147483647;
			files = (
			);
			runOnlyForDeploymentPostprocessing = 0;
		};
/* End PBXResourcesBuildPhase section */

/* Begin PBXSourcesBuildPhase section */
		551E74DC29BA67A800F32705 /* Sources */ = {
			isa = PBXSourcesBuildPhase;
			buildActionMask = 2147483647;
			files = (
				551E74E829BA67A800F32705 /* ViewController.swift in Sources */,
				551E74E429BA67A800F32705 /* AppDelegate.swift in Sources */,
				551E74E629BA67A800F32705 /* SceneDelegate.swift in Sources */,
			);
			runOnlyForDeploymentPostprocessing = 0;
		};
		551E74F229BA67A900F32705 /* Sources */ = {
			isa = PBXSourcesBuildPhase;
			buildActionMask = 2147483647;
			files = (
				551E74FB29BA67A900F32705 /* TestCICDTests.swift in Sources */,
			);
			runOnlyForDeploymentPostprocessing = 0;
		};
/* End PBXSourcesBuildPhase section */

/* Begin PBXTargetDependency section */
		551E74F829BA67A900F32705 /* PBXTargetDependency */ = {
			isa = PBXTargetDependency;
			target = 551E74DF29BA67A800F32705 /* TestCICD */;
			targetProxy = 551E74F729BA67A900F32705 /* PBXContainerItemProxy */;
		};
/* End PBXTargetDependency section */

/* Begin PBXVariantGroup section */
		551E74E929BA67A800F32705 /* Main.storyboard */ = {
			isa = PBXVariantGroup;
			children = (
				551E74EA29BA67A800F32705 /* Base */,
			);
			name = Main.storyboard;
			sourceTree = "<group>";
		};
		551E74EE29BA67A900F32705 /* LaunchScreen.storyboard */ = {
			isa = PBXVariantGroup;
			children = (
				551E74EF29BA67A900F32705 /* Base */,
			);
			name = LaunchScreen.storyboard;
			sourceTree = "<group>";
		};
/* End PBXVariantGroup section */

/* Begin XCBuildConfiguration section */
		551E750829BA67A900F32705 /* Debug */ = {
			isa = XCBuildConfiguration;
			buildSettings = {
				ALWAYS_SEARCH_USER_PATHS = NO;
				CLANG_ANALYZER_NONNULL = YES;
				CLANG_ANALYZER_NUMBER_OBJECT_CONVERSION = YES_AGGRESSIVE;
				CLANG_CXX_LANGUAGE_STANDARD = "gnu++20";
				CLANG_ENABLE_MODULES = YES;
				CLANG_ENABLE_OBJC_ARC = YES;
				CLANG_ENABLE_OBJC_WEAK = YES;
				CLANG_WARN_BLOCK_CAPTURE_AUTORELEASING = YES;
				CLANG_WARN_BOOL_CONVERSION = YES;
				CLANG_WARN_COMMA = YES;
				CLANG_WARN_CONSTANT_CONVERSION = YES;
				CLANG_WARN_DEPRECATED_OBJC_IMPLEMENTATIONS = YES;
				CLANG_WARN_DIRECT_OBJC_ISA_USAGE = YES_ERROR;
				CLANG_WARN_DOCUMENTATION_COMMENTS = YES;
				CLANG_WARN_EMPTY_BODY = YES;
				CLANG_WARN_ENUM_CONVERSION = YES;
				CLANG_WARN_INFINITE_RECURSION = YES;
				CLANG_WARN_INT_CONVERSION = YES;
				CLANG_WARN_NON_LITERAL_NULL_CONVERSION = YES;
				CLANG_WARN_OBJC_IMPLICIT_RETAIN_SELF = YES;
				CLANG_WARN_OBJC_LITERAL_CONVERSION = YES;
				CLANG_WARN_OBJC_ROOT_CLASS = YES_ERROR;
				CLANG_WARN_QUOTED_INCLUDE_IN_FRAMEWORK_HEADER = YES;
				CLANG_WARN_RANGE_LOOP_ANALYSIS = YES;
				CLANG_WARN_STRICT_PROTOTYPES = YES;
				CLANG_WARN_SUSPICIOUS_MOVE = YES;
				CLANG_WARN_UNGUARDED_AVAILABILITY = YES_AGGRESSIVE;
				CLANG_WARN_UNREACHABLE_CODE = YES;
				CLANG_WARN__DUPLICATE_METHOD_MATCH = YES;
				COPY_PHASE_STRIP = NO;
				DEBUG_INFORMATION_FORMAT = dwarf;
				ENABLE_STRICT_OBJC_MSGSEND = YES;
				ENABLE_TESTABILITY = YES;
				GCC_C_LANGUAGE_STANDARD = gnu11;
				GCC_DYNAMIC_NO_PIC = NO;
				GCC_NO_COMMON_BLOCKS = YES;
				GCC_OPTIMIZATION_LEVEL = 0;
				GCC_PREPROCESSOR_DEFINITIONS = (
					"DEBUG=1",
					"$(inherited)",
				);
				GCC_WARN_64_TO_32_BIT_CONVERSION = YES;
				GCC_WARN_ABOUT_RETURN_TYPE = YES_ERROR;
				GCC_WARN_UNDECLARED_SELECTOR = YES;
				GCC_WARN_UNINITIALIZED_AUTOS = YES_AGGRESSIVE;
				GCC_WARN_UNUSED_FUNCTION = YES;
				GCC_WARN_UNUSED_VARIABLE = YES;
				IPHONEOS_DEPLOYMENT_TARGET = 16.0;
				MTL_ENABLE_DEBUG_INFO = INCLUDE_SOURCE;
				MTL_FAST_MATH = YES;
				ONLY_ACTIVE_ARCH = YES;
				SDKROOT = iphoneos;
				SWIFT_ACTIVE_COMPILATION_CONDITIONS = DEBUG;
				SWIFT_OPTIMIZATION_LEVEL = "-Onone";
			};
			name = Debug;
		};
		551E750929BA67A900F32705 /* Release */ = {
			isa = XCBuildConfiguration;
			buildSettings = {
				ALWAYS_SEARCH_USER_PATHS = NO;
				CLANG_ANALYZER_NONNULL = YES;
				CLANG_ANALYZER_NUMBER_OBJECT_CONVERSION = YES_AGGRESSIVE;
				CLANG_CXX_LANGUAGE_STANDARD = "gnu++20";
				CLANG_ENABLE_MODULES = YES;
				CLANG_ENABLE_OBJC_ARC = YES;
				CLANG_ENABLE_OBJC_WEAK = YES;
				CLANG_WARN_BLOCK_CAPTURE_AUTORELEASING = YES;
				CLANG_WARN_BOOL_CONVERSION = YES;
				CLANG_WARN_COMMA = YES;
				CLANG_WARN_CONSTANT_CONVERSION = YES;
				CLANG_WARN_DEPRECATED_OBJC_IMPLEMENTATIONS = YES;
				CLANG_WARN_DIRECT_OBJC_ISA_USAGE = YES_ERROR;
				CLANG_WARN_DOCUMENTATION_COMMENTS = YES;
				CLANG_WARN_EMPTY_BODY = YES;
				CLANG_WARN_ENUM_CONVERSION = YES;
				CLANG_WARN_INFINITE_RECURSION = YES;
				CLANG_WARN_INT_CONVERSION = YES;
				CLANG_WARN_NON_LITERAL_NULL_CONVERSION = YES;
				CLANG_WARN_OBJC_IMPLICIT_RETAIN_SELF = YES;
				CLANG_WARN_OBJC_LITERAL_CONVERSION = YES;
				CLANG_WARN_OBJC_ROOT_CLASS = YES_ERROR;
				CLANG_WARN_QUOTED_INCLUDE_IN_FRAMEWORK_HEADER = YES;
				CLANG_WARN_RANGE_LOOP_ANALYSIS = YES;
				CLANG_WARN_STRICT_PROTOTYPES = YES;
				CLANG_WARN_SUSPICIOUS_MOVE = YES;
				CLANG_WARN_UNGUARDED_AVAILABILITY = YES_AGGRESSIVE;
				CLANG_WARN_UNREACHABLE_CODE = YES;
				CLANG_WARN__DUPLICATE_METHOD_MATCH = YES;
				COPY_PHASE_STRIP = NO;
				DEBUG_INFORMATION_FORMAT = "dwarf-with-dsym";
				ENABLE_NS_ASSERTIONS = NO;
				ENABLE_STRICT_OBJC_MSGSEND = YES;
				GCC_C_LANGUAGE_STANDARD = gnu11;
				GCC_NO_COMMON_BLOCKS = YES;
				GCC_WARN_64_TO_32_BIT_CONVERSION = YES;
				GCC_WARN_ABOUT_RETURN_TYPE = YES_ERROR;
				GCC_WARN_UNDECLARED_SELECTOR = YES;
				GCC_WARN_UNINITIALIZED_AUTOS = YES_AGGRESSIVE;
				GCC_WARN_UNUSED_FUNCTION = YES;
				GCC_WARN_UNUSED_VARIABLE = YES;
				IPHONEOS_DEPLOYMENT_TARGET = 16.0;
				MTL_ENABLE_DEBUG_INFO = NO;
				MTL_FAST_MATH = YES;
				SDKROOT = iphoneos;
				SWIFT_COMPILATION_MODE = wholemodule;
				SWIFT_OPTIMIZATION_LEVEL = "-O";
				VALIDATE_PRODUCT = YES;
			};
			name = Release;
		};
		551E750B29BA67A900F32705 /* Debug */ = {
			isa = XCBuildConfiguration;
			buildSettings = {
				ASSETCATALOG_COMPILER_APPICON_NAME = AppIcon;
				ASSETCATALOG_COMPILER_GLOBAL_ACCENT_COLOR_NAME = AccentColor;
				CODE_SIGN_STYLE = Automatic;
				CURRENT_PROJECT_VERSION = 1;
				GENERATE_INFOPLIST_FILE = YES;
				INFOPLIST_FILE = TestCICD/Info.plist;
				INFOPLIST_KEY_UIApplicationSupportsIndirectInputEvents = YES;
				INFOPLIST_KEY_UILaunchStoryboardName = LaunchScreen;
				INFOPLIST_KEY_UIMainStoryboardFile = Main;
				INFOPLIST_KEY_UISupportedInterfaceOrientations_iPad = "UIInterfaceOrientationPortrait UIInterfaceOrientationPortraitUpsideDown UIInterfaceOrientationLandscapeLeft UIInterfaceOrientationLandscapeRight";
				INFOPLIST_KEY_UISupportedInterfaceOrientations_iPhone = "UIInterfaceOrientationPortrait UIInterfaceOrientationLandscapeLeft UIInterfaceOrientationLandscapeRight";
				LD_RUNPATH_SEARCH_PATHS = (
					"$(inherited)",
					"@executable_path/Frameworks",
				);
				MARKETING_VERSION = 1.0;
				PRODUCT_BUNDLE_IDENTIFIER = test.TestCICD;
				PRODUCT_NAME = "$(TARGET_NAME)";
				SWIFT_EMIT_LOC_STRINGS = YES;
				SWIFT_VERSION = 5.0;
				TARGETED_DEVICE_FAMILY = "1,2";
			};
			name = Debug;
		};
		551E750C29BA67A900F32705 /* Release */ = {
			isa = XCBuildConfiguration;
			buildSettings = {
				ASSETCATALOG_COMPILER_APPICON_NAME = AppIcon;
				ASSETCATALOG_COMPILER_GLOBAL_ACCENT_COLOR_NAME = AccentColor;
				CODE_SIGN_STYLE = Automatic;
				CURRENT_PROJECT_VERSION = 1;
				GENERATE_INFOPLIST_FILE = YES;
				INFOPLIST_FILE = TestCICD/Info.plist;
				INFOPLIST_KEY_UIApplicationSupportsIndirectInputEvents = YES;
				INFOPLIST_KEY_UILaunchStoryboardName = LaunchScreen;
				INFOPLIST_KEY_UIMainStoryboardFile = Main;
				INFOPLIST_KEY_UISupportedInterfaceOrientations_iPad = "UIInterfaceOrientationPortrait UIInterfaceOrientationPortraitUpsideDown UIInterfaceOrientationLandscapeLeft UIInterfaceOrientationLandscapeRight";
				INFOPLIST_KEY_UISupportedInterfaceOrientations_iPhone = "UIInterfaceOrientationPortrait UIInterfaceOrientationLandscapeLeft UIInterfaceOrientationLandscapeRight";
				LD_RUNPATH_SEARCH_PATHS = (
					"$(inherited)",
					"@executable_path/Frameworks",
				);
				MARKETING_VERSION = 1.0;
				PRODUCT_BUNDLE_IDENTIFIER = test.TestCICD;
				PRODUCT_NAME = "$(TARGET_NAME)";
				SWIFT_EMIT_LOC_STRINGS = YES;
				SWIFT_VERSION = 5.0;
				TARGETED_DEVICE_FAMILY = "1,2";
			};
			name = Release;
		};
		551E750E29BA67A900F32705 /* Debug */ = {
			isa = XCBuildConfiguration;
			buildSettings = {
				ALWAYS_EMBED_SWIFT_STANDARD_LIBRARIES = YES;
				BUNDLE_LOADER = "$(TEST_HOST)";
				CODE_SIGN_STYLE = Automatic;
				CURRENT_PROJECT_VERSION = 1;
				GENERATE_INFOPLIST_FILE = YES;
				IPHONEOS_DEPLOYMENT_TARGET = 16.0;
				MARKETING_VERSION = 1.0;
				PRODUCT_BUNDLE_IDENTIFIER = test.TestCICDTests;
				PRODUCT_NAME = "$(TARGET_NAME)";
				SWIFT_EMIT_LOC_STRINGS = NO;
				SWIFT_VERSION = 5.0;
				TARGETED_DEVICE_FAMILY = "1,2";
				TEST_HOST = "$(BUILT_PRODUCTS_DIR)/TestCICD.app/$(BUNDLE_EXECUTABLE_FOLDER_PATH)/TestCICD";
			};
			name = Debug;
		};
		551E750F29BA67A900F32705 /* Release */ = {
			isa = XCBuildConfiguration;
			buildSettings = {
				ALWAYS_EMBED_SWIFT_STANDARD_LIBRARIES = YES;
				BUNDLE_LOADER = "$(TEST_HOST)";
				CODE_SIGN_STYLE = Automatic;
				CURRENT_PROJECT_VERSION = 1;
				GENERATE_INFOPLIST_FILE = YES;
				IPHONEOS_DEPLOYMENT_TARGET = 16.0;
				MARKETING_VERSION = 1.0;
				PRODUCT_BUNDLE_IDENTIFIER = test.TestCICDTests;
				PRODUCT_NAME = "$(TARGET_NAME)";
				SWIFT_EMIT_LOC_STRINGS = NO;
				SWIFT_VERSION = 5.0;
				TARGETED_DEVICE_FAMILY = "1,2";
				TEST_HOST = "$(BUILT_PRODUCTS_DIR)/TestCICD.app/$(BUNDLE_EXECUTABLE_FOLDER_PATH)/TestCICD";
			};
			name = Release;
		};
/* End XCBuildConfiguration section */

/* Begin XCConfigurationList section */
		551E74DB29BA67A800F32705 /* Build configuration list for PBXProject "TestCICD" */ = {
			isa = XCConfigurationList;
			buildConfigurations = (
				551E750829BA67A900F32705 /* Debug */,
				551E750929BA67A900F32705 /* Release */,
			);
			defaultConfigurationIsVisible = 0;
			defaultConfigurationName = Release;
		};
		551E750A29BA67A900F32705 /* Build configuration list for PBXNativeTarget "TestCICD" */ = {
			isa = XCConfigurationList;
			buildConfigurations = (
				551E750B29BA67A900F32705 /* Debug */,
				551E750C29BA67A900F32705 /* Release */,
			);
			defaultConfigurationIsVisible = 0;
			defaultConfigurationName = Release;
		};
		551E750D29BA67A900F32705 /* Build configuration list for PBXNativeTarget "TestCICDTests" */ = {
			isa = XCConfigurationList;
			buildConfigurations = (
				551E750E29BA67A900F32705 /* Debug */,
				551E750F29BA67A900F32705 /* Release */,
			);
			defaultConfigurationIsVisible = 0;
			defaultConfigurationName = Release;
		};
/* End XCConfigurationList section */
	};
	rootObject = 551E74D829BA67A800F32705 /* Project object */;
}
